
Microsoft Visual Studio Solution File, Format Version 12.00
# Visual Studio Version 16
VisualStudioVersion = 16.0.31105.61
MinimumVisualStudioVersion = 10.0.40219.1
Project("{9A19103F-16F7-4668-BE54-9A1E7A4F7556}") = "DataAccess", "DataAccess\DataAccess.csproj", "{39406870-859A-47CD-9F49-27322C41B273}"
EndProject
Project("{9A19103F-16F7-4668-BE54-9A1E7A4F7556}") = "Business", "Business\Business.csproj", "{7A0582FC-132D-4AD8-A3D3-A88CFA8BA044}"
EndProject
Project("{9A19103F-16F7-4668-BE54-9A1E7A4F7556}") = "Entities", "Entities\Entities.csproj", "{B53C5FF9-4FBA-4CF0-B0DD-E3325ED5A787}"
EndProject
Project("{9A19103F-16F7-4668-BE54-9A1E7A4F7556}") = "ConsoleUI", "ConsoleUI\ConsoleUI.csproj", "{F5FC1222-9C06-417D-863D-F0402829BFAD}"
EndProject
Project("{9A19103F-16F7-4668-BE54-9A1E7A4F7556}") = "Core", "Core\Core.csproj", "{7981DC21-F291-4ECA-B2CE-3B6158F2F460}"
EndProject
Project("{FAE04EC0-301F-11D3-BF4B-00C04F79EFBC}") = "WebAPI", "WebAPI\WebAPI.csproj", "{9D087554-960B-4599-A51F-36605EFEB86B}"
EndProject
Global
	GlobalSection(SolutionConfigurationPlatforms) = preSolution
		Debug|Any CPU = Debug|Any CPU
		Release|Any CPU = Release|Any CPU
	EndGlobalSection
	GlobalSection(ProjectConfigurationPlatforms) = postSolution
		{39406870-859A-47CD-9F49-27322C41B273}.Debug|Any CPU.ActiveCfg = Debug|Any CPU
		{39406870-859A-47CD-9F49-27322C41B273}.Debug|Any CPU.Build.0 = Debug|Any CPU
		{39406870-859A-47CD-9F49-27322C41B273}.Release|Any CPU.ActiveCfg = Release|Any CPU
		{39406870-859A-47CD-9F49-27322C41B273}.Release|Any CPU.Build.0 = Release|Any CPU
		{7A0582FC-132D-4AD8-A3D3-A88CFA8BA044}.Debug|Any CPU.ActiveCfg = Debug|Any CPU
		{7A0582FC-132D-4AD8-A3D3-A88CFA8BA044}.Debug|Any CPU.Build.0 = Debug|Any CPU
		{7A0582FC-132D-4AD8-A3D3-A88CFA8BA044}.Release|Any CPU.ActiveCfg = Release|Any CPU
		{7A0582FC-132D-4AD8-A3D3-A88CFA8BA044}.Release|Any CPU.Build.0 = Release|Any CPU
		{B53C5FF9-4FBA-4CF0-B0DD-E3325ED5A787}.Debug|Any CPU.ActiveCfg = Debug|Any CPU
		{B53C5FF9-4FBA-4CF0-B0DD-E3325ED5A787}.Debug|Any CPU.Build.0 = Debug|Any CPU
		{B53C5FF9-4FBA-4CF0-B0DD-E3325ED5A787}.Release|Any CPU.ActiveCfg = Release|Any CPU
		{B53C5FF9-4FBA-4CF0-B0DD-E3325ED5A787}.Release|Any CPU.Build.0 = Release|Any CPU
		{F5FC1222-9C06-417D-863D-F0402829BFAD}.Debug|Any CPU.ActiveCfg = Debug|Any CPU
		{F5FC1222-9C06-417D-863D-F0402829BFAD}.Debug|Any CPU.Build.0 = Debug|Any CPU
		{F5FC1222-9C06-417D-863D-F0402829BFAD}.Release|Any CPU.ActiveCfg = Release|Any CPU
		{F5FC1222-9C06-417D-863D-F0402829BFAD}.Release|Any CPU.Build.0 = Release|Any CPU
		{7981DC21-F291-4ECA-B2CE-3B6158F2F460}.Debug|Any CPU.ActiveCfg = Debug|Any CPU
		{7981DC21-F291-4ECA-B2CE-3B6158F2F460}.Debug|Any CPU.Build.0 = Debug|Any CPU
		{7981DC21-F291-4ECA-B2CE-3B6158F2F460}.Release|Any CPU.ActiveCfg = Release|Any CPU
		{7981DC21-F291-4ECA-B2CE-3B6158F2F460}.Release|Any CPU.Build.0 = Release|Any CPU
		{9D087554-960B-4599-A51F-36605EFEB86B}.Debug|Any CPU.ActiveCfg = Debug|Any CPU
		{9D087554-960B-4599-A51F-36605EFEB86B}.Debug|Any CPU.Build.0 = Debug|Any CPU
		{9D087554-960B-4599-A51F-36605EFEB86B}.Release|Any CPU.ActiveCfg = Release|Any CPU
		{9D087554-960B-4599-A51F-36605EFEB86B}.Release|Any CPU.Build.0 = Release|Any CPU
	EndGlobalSection
	GlobalSection(SolutionProperties) = preSolution
		HideSolutionNode = FALSE
	EndGlobalSection
	GlobalSection(ExtensibilityGlobals) = postSolution
		SolutionGuid = {434258AE-8B78-4BC0-B70B-D7AC69AFFE61}
	EndGlobalSection
EndGlobal
